
Microsoft Visual Studio Solution File, Format Version 12.00
# Visual Studio 2013
VisualStudioVersion = 12.0.30501.0
MinimumVisualStudioVersion = 10.0.40219.1
Project("{8BC9CEB8-8B4A-11D0-8D11-00A0C91BC942}") = "Tut5-Employee", "Tut5-Employee\Tut5-Employee.vcxproj", "{80E4D1D9-DA25-4378-8D59-A2D0677CAFC2}"
EndProject
Global
	GlobalSection(SolutionConfigurationPlatforms) = preSolution
		Debug|Win32 = Debug|Win32
		Release|Win32 = Release|Win32
	EndGlobalSection
	GlobalSection(ProjectConfigurationPlatforms) = postSolution
		{80E4D1D9-DA25-4378-8D59-A2D0677CAFC2}.Debug|Win32.ActiveCfg = Debug|Win32
		{80E4D1D9-DA25-4378-8D59-A2D0677CAFC2}.Debug|Win32.Build.0 = Debug|Win32
		{80E4D1D9-DA25-4378-8D59-A2D0677CAFC2}.Release|Win32.ActiveCfg = Release|Win32
		{80E4D1D9-DA25-4378-8D59-A2D0677CAFC2}.Release|Win32.Build.0 = Release|Win32
	EndGlobalSection
	GlobalSection(SolutionProperties) = preSolution
		HideSolutionNode = FALSE
	EndGlobalSection
EndGlobal
